
Microsoft Visual Studio Solution File, Format Version 12.00
# Visual Studio 15
VisualStudioVersion = 15.0.27428.2037
MinimumVisualStudioVersion = 10.0.40219.1
Project("{FAE04EC0-301F-11D3-BF4B-00C04F79EFBC}") = "Zavrsni_rad", "Zavrsni_rad\Zavrsni_rad.csproj", "{BEF71BBE-01A2-4B06-AA4E-09A893ECF755}"
EndProject
Global
	GlobalSection(SolutionConfigurationPlatforms) = preSolution
		Debug|Any CPU = Debug|Any CPU
		Release|Any CPU = Release|Any CPU
	EndGlobalSection
	GlobalSection(ProjectConfigurationPlatforms) = postSolution
		{BEF71BBE-01A2-4B06-AA4E-09A893ECF755}.Debug|Any CPU.ActiveCfg = Debug|Any CPU
		{BEF71BBE-01A2-4B06-AA4E-09A893ECF755}.Debug|Any CPU.Build.0 = Debug|Any CPU
		{BEF71BBE-01A2-4B06-AA4E-09A893ECF755}.Release|Any CPU.ActiveCfg = Release|Any CPU
		{BEF71BBE-01A2-4B06-AA4E-09A893ECF755}.Release|Any CPU.Build.0 = Release|Any CPU
	EndGlobalSection
	GlobalSection(SolutionProperties) = preSolution
		HideSolutionNode = FALSE
	EndGlobalSection
	GlobalSection(ExtensibilityGlobals) = postSolution
		SolutionGuid = {252B88C6-F030-40B7-A90E-D3B105052AE4}
	EndGlobalSection
EndGlobal
